
Microsoft Visual Studio Solution File, Format Version 12.00
# Visual Studio Version 16
VisualStudioVersion = 16.0.32002.261
MinimumVisualStudioVersion = 10.0.40219.1
Project("{FAE04EC0-301F-11D3-BF4B-00C04F79EFBC}") = "ServiceImportador", "ServiceImportador\ServiceImportador.csproj", "{213A1CFC-6A70-4485-B82A-8F1326D55BDB}"
EndProject
Project("{FAE04EC0-301F-11D3-BF4B-00C04F79EFBC}") = "1-Business", "1-Business\1-Business.csproj", "{18757A94-A026-4C02-93CE-BF35C074DC47}"
EndProject
Project("{FAE04EC0-301F-11D3-BF4B-00C04F79EFBC}") = "2-Infra", "2-Infra\2-Infra.csproj", "{C6A52C36-A162-43EE-A796-F6749F7D166C}"
EndProject
Project("{FAE04EC0-301F-11D3-BF4B-00C04F79EFBC}") = "3-Entity", "3-Entity\3-Entity.csproj", "{2F899ACE-6476-46CB-A789-B924F007FEA3}"
EndProject
Global
	GlobalSection(SolutionConfigurationPlatforms) = preSolution
		Debug|Any CPU = Debug|Any CPU
		Release|Any CPU = Release|Any CPU
	EndGlobalSection
	GlobalSection(ProjectConfigurationPlatforms) = postSolution
		{213A1CFC-6A70-4485-B82A-8F1326D55BDB}.Debug|Any CPU.ActiveCfg = Debug|Any CPU
		{213A1CFC-6A70-4485-B82A-8F1326D55BDB}.Debug|Any CPU.Build.0 = Debug|Any CPU
		{213A1CFC-6A70-4485-B82A-8F1326D55BDB}.Release|Any CPU.ActiveCfg = Release|Any CPU
		{213A1CFC-6A70-4485-B82A-8F1326D55BDB}.Release|Any CPU.Build.0 = Release|Any CPU
		{18757A94-A026-4C02-93CE-BF35C074DC47}.Debug|Any CPU.ActiveCfg = Debug|Any CPU
		{18757A94-A026-4C02-93CE-BF35C074DC47}.Debug|Any CPU.Build.0 = Debug|Any CPU
		{18757A94-A026-4C02-93CE-BF35C074DC47}.Release|Any CPU.ActiveCfg = Release|Any CPU
		{18757A94-A026-4C02-93CE-BF35C074DC47}.Release|Any CPU.Build.0 = Release|Any CPU
		{C6A52C36-A162-43EE-A796-F6749F7D166C}.Debug|Any CPU.ActiveCfg = Debug|Any CPU
		{C6A52C36-A162-43EE-A796-F6749F7D166C}.Debug|Any CPU.Build.0 = Debug|Any CPU
		{C6A52C36-A162-43EE-A796-F6749F7D166C}.Release|Any CPU.ActiveCfg = Release|Any CPU
		{C6A52C36-A162-43EE-A796-F6749F7D166C}.Release|Any CPU.Build.0 = Release|Any CPU
		{2F899ACE-6476-46CB-A789-B924F007FEA3}.Debug|Any CPU.ActiveCfg = Debug|Any CPU
		{2F899ACE-6476-46CB-A789-B924F007FEA3}.Debug|Any CPU.Build.0 = Debug|Any CPU
		{2F899ACE-6476-46CB-A789-B924F007FEA3}.Release|Any CPU.ActiveCfg = Release|Any CPU
		{2F899ACE-6476-46CB-A789-B924F007FEA3}.Release|Any CPU.Build.0 = Release|Any CPU
	EndGlobalSection
	GlobalSection(SolutionProperties) = preSolution
		HideSolutionNode = FALSE
	EndGlobalSection
	GlobalSection(ExtensibilityGlobals) = postSolution
		SolutionGuid = {2568A2DD-5FA0-4102-83AA-BF76A6F24911}
	EndGlobalSection
EndGlobal
